
Microsoft Visual Studio Solution File, Format Version 12.00
# Visual Studio 2012
Project("{FAE04EC0-301F-11D3-BF4B-00C04F79EFBC}") = "ExpenditureTracker", "ExpenditureTracker\ExpenditureTracker.csproj", "{2950C9F2-A5E2-4043-8B46-D0EA55B99415}"
EndProject
Global
	GlobalSection(SolutionConfigurationPlatforms) = preSolution
		Debug|Any CPU = Debug|Any CPU
		Release|Any CPU = Release|Any CPU
	EndGlobalSection
	GlobalSection(ProjectConfigurationPlatforms) = postSolution
		{2950C9F2-A5E2-4043-8B46-D0EA55B99415}.Debug|Any CPU.ActiveCfg = Debug|Any CPU
		{2950C9F2-A5E2-4043-8B46-D0EA55B99415}.Debug|Any CPU.Build.0 = Debug|Any CPU
		{2950C9F2-A5E2-4043-8B46-D0EA55B99415}.Release|Any CPU.ActiveCfg = Release|Any CPU
		{2950C9F2-A5E2-4043-8B46-D0EA55B99415}.Release|Any CPU.Build.0 = Release|Any CPU
	EndGlobalSection
	GlobalSection(SolutionProperties) = preSolution
		HideSolutionNode = FALSE
	EndGlobalSection
EndGlobal
